
Microsoft Visual Studio Solution File, Format Version 12.00
# Visual Studio Version 16
VisualStudioVersion = 16.0.32510.428
MinimumVisualStudioVersion = 10.0.40219.1
Project("{FAE04EC0-301F-11D3-BF4B-00C04F79EFBC}") = "NinthTask", "NinthTask\NinthTask.csproj", "{E698F88A-21BB-4C49-B134-68AC084D5B3B}"
EndProject
Global
	GlobalSection(SolutionConfigurationPlatforms) = preSolution
		Debug|Any CPU = Debug|Any CPU
		Release|Any CPU = Release|Any CPU
	EndGlobalSection
	GlobalSection(ProjectConfigurationPlatforms) = postSolution
		{E698F88A-21BB-4C49-B134-68AC084D5B3B}.Debug|Any CPU.ActiveCfg = Debug|Any CPU
		{E698F88A-21BB-4C49-B134-68AC084D5B3B}.Debug|Any CPU.Build.0 = Debug|Any CPU
		{E698F88A-21BB-4C49-B134-68AC084D5B3B}.Release|Any CPU.ActiveCfg = Release|Any CPU
		{E698F88A-21BB-4C49-B134-68AC084D5B3B}.Release|Any CPU.Build.0 = Release|Any CPU
	EndGlobalSection
	GlobalSection(SolutionProperties) = preSolution
		HideSolutionNode = FALSE
	EndGlobalSection
	GlobalSection(ExtensibilityGlobals) = postSolution
		SolutionGuid = {D5BC7E63-F7C4-4805-9BC7-0A3F36AF558E}
	EndGlobalSection
EndGlobal
